
Microsoft Visual Studio Solution File, Format Version 12.00
# Visual Studio Version 17
VisualStudioVersion = 17.4.33213.308
MinimumVisualStudioVersion = 10.0.40219.1
Project("{888888A0-9F3D-457C-B088-3A5042F75D52}") = "PythonStorybookLibs", "PythonStorybookLibs.pyproj", "{794474ED-2886-4A1F-B803-5A75913F8D40}"
EndProject
Global
	GlobalSection(SolutionConfigurationPlatforms) = preSolution
		Debug|Any CPU = Debug|Any CPU
		Release|Any CPU = Release|Any CPU
	EndGlobalSection
	GlobalSection(ProjectConfigurationPlatforms) = postSolution
		{794474ED-2886-4A1F-B803-5A75913F8D40}.Debug|Any CPU.ActiveCfg = Debug|Any CPU
		{794474ED-2886-4A1F-B803-5A75913F8D40}.Release|Any CPU.ActiveCfg = Release|Any CPU
	EndGlobalSection
	GlobalSection(SolutionProperties) = preSolution
		HideSolutionNode = FALSE
	EndGlobalSection
	GlobalSection(ExtensibilityGlobals) = postSolution
		SolutionGuid = {D77BFB3A-562B-4603-9F25-70C8CCF9BE42}
	EndGlobalSection
EndGlobal
